
Microsoft Visual Studio Solution File, Format Version 12.00
# Visual Studio Version 16
VisualStudioVersion = 16.0.31613.86
MinimumVisualStudioVersion = 10.0.40219.1
Project("{FAE04EC0-301F-11D3-BF4B-00C04F79EFBC}") = "Ejercicio_int", "Ejercicio_int\Ejercicio_int.csproj", "{96DBC721-2CD9-4299-B441-35E1CAF0B12A}"
EndProject
Project("{FAE04EC0-301F-11D3-BF4B-00C04F79EFBC}") = "Calculoperimetro", "Calculoperimetro\Calculoperimetro.csproj", "{76D07950-4048-4618-9BC2-370A10355A13}"
EndProject
Project("{FAE04EC0-301F-11D3-BF4B-00C04F79EFBC}") = "Ejercicio_string", "Ejercicio_string\Ejercicio_string.csproj", "{315F644F-D10F-4544-B7B8-31D85E03A9E4}"
EndProject
Global
	GlobalSection(SolutionConfigurationPlatforms) = preSolution
		Debug|Any CPU = Debug|Any CPU
		Release|Any CPU = Release|Any CPU
	EndGlobalSection
	GlobalSection(ProjectConfigurationPlatforms) = postSolution
		{96DBC721-2CD9-4299-B441-35E1CAF0B12A}.Debug|Any CPU.ActiveCfg = Debug|Any CPU
		{96DBC721-2CD9-4299-B441-35E1CAF0B12A}.Debug|Any CPU.Build.0 = Debug|Any CPU
		{96DBC721-2CD9-4299-B441-35E1CAF0B12A}.Release|Any CPU.ActiveCfg = Release|Any CPU
		{96DBC721-2CD9-4299-B441-35E1CAF0B12A}.Release|Any CPU.Build.0 = Release|Any CPU
		{76D07950-4048-4618-9BC2-370A10355A13}.Debug|Any CPU.ActiveCfg = Debug|Any CPU
		{76D07950-4048-4618-9BC2-370A10355A13}.Debug|Any CPU.Build.0 = Debug|Any CPU
		{76D07950-4048-4618-9BC2-370A10355A13}.Release|Any CPU.ActiveCfg = Release|Any CPU
		{76D07950-4048-4618-9BC2-370A10355A13}.Release|Any CPU.Build.0 = Release|Any CPU
		{315F644F-D10F-4544-B7B8-31D85E03A9E4}.Debug|Any CPU.ActiveCfg = Debug|Any CPU
		{315F644F-D10F-4544-B7B8-31D85E03A9E4}.Debug|Any CPU.Build.0 = Debug|Any CPU
		{315F644F-D10F-4544-B7B8-31D85E03A9E4}.Release|Any CPU.ActiveCfg = Release|Any CPU
		{315F644F-D10F-4544-B7B8-31D85E03A9E4}.Release|Any CPU.Build.0 = Release|Any CPU
	EndGlobalSection
	GlobalSection(SolutionProperties) = preSolution
		HideSolutionNode = FALSE
	EndGlobalSection
	GlobalSection(ExtensibilityGlobals) = postSolution
		SolutionGuid = {65EAFA44-7E47-45E9-89FA-CC2D373949E0}
	EndGlobalSection
EndGlobal
